
Microsoft Visual Studio Solution File, Format Version 12.00
# Visual Studio 15
VisualStudioVersion = 15.0.27130.2010
MinimumVisualStudioVersion = 10.0.40219.1
Project("{FAE04EC0-301F-11D3-BF4B-00C04F79EFBC}") = "JDChap15Proj7", "JDChap15Proj7\JDChap15Proj7.csproj", "{3F933261-BD6E-4659-9897-BFE277AE1846}"
EndProject
Global
	GlobalSection(SolutionConfigurationPlatforms) = preSolution
		Debug|Any CPU = Debug|Any CPU
		Release|Any CPU = Release|Any CPU
	EndGlobalSection
	GlobalSection(ProjectConfigurationPlatforms) = postSolution
		{3F933261-BD6E-4659-9897-BFE277AE1846}.Debug|Any CPU.ActiveCfg = Debug|Any CPU
		{3F933261-BD6E-4659-9897-BFE277AE1846}.Debug|Any CPU.Build.0 = Debug|Any CPU
		{3F933261-BD6E-4659-9897-BFE277AE1846}.Release|Any CPU.ActiveCfg = Release|Any CPU
		{3F933261-BD6E-4659-9897-BFE277AE1846}.Release|Any CPU.Build.0 = Release|Any CPU
	EndGlobalSection
	GlobalSection(SolutionProperties) = preSolution
		HideSolutionNode = FALSE
	EndGlobalSection
	GlobalSection(ExtensibilityGlobals) = postSolution
		SolutionGuid = {7CD50BFC-AD07-4408-9AA6-D56D409E668B}
	EndGlobalSection
EndGlobal
